
Microsoft Visual Studio Solution File, Format Version 12.00
# Visual Studio 15
VisualStudioVersion = 15.0.27703.2042
MinimumVisualStudioVersion = 10.0.40219.1
Project("{9A19103F-16F7-4668-BE54-9A1E7A4F7556}") = "TimeTrackerLite", "TimeTrackerLite\TimeTrackerLite.csproj", "{6E7140DE-F7C7-4BE7-B8C8-8FC45613E18E}"
EndProject
Project("{9A19103F-16F7-4668-BE54-9A1E7A4F7556}") = "TimeTrackerLiteModels", "TimeTrackerLiteModels\TimeTrackerLiteModels.csproj", "{944F517A-4849-456B-B26A-3647A042C397}"
EndProject
Project("{9A19103F-16F7-4668-BE54-9A1E7A4F7556}") = "TimeTrackerLiteDBMigration", "TimeTrackerLiteDBMigration\TimeTrackerLiteDBMigration.csproj", "{294DD84A-7000-4632-80EF-47A0C113AABC}"
EndProject
Project("{9A19103F-16F7-4668-BE54-9A1E7A4F7556}") = "TimeTrackerLiteUtils", "TimeTrackerLiteUtils\TimeTrackerLiteUtils.csproj", "{7D24FC18-B0C3-4E00-8119-B9FAE221BCB5}"
EndProject
Global
	GlobalSection(SolutionConfigurationPlatforms) = preSolution
		Debug|Any CPU = Debug|Any CPU
		Release|Any CPU = Release|Any CPU
	EndGlobalSection
	GlobalSection(ProjectConfigurationPlatforms) = postSolution
		{6E7140DE-F7C7-4BE7-B8C8-8FC45613E18E}.Debug|Any CPU.ActiveCfg = Debug|Any CPU
		{6E7140DE-F7C7-4BE7-B8C8-8FC45613E18E}.Debug|Any CPU.Build.0 = Debug|Any CPU
		{6E7140DE-F7C7-4BE7-B8C8-8FC45613E18E}.Release|Any CPU.ActiveCfg = Release|Any CPU
		{6E7140DE-F7C7-4BE7-B8C8-8FC45613E18E}.Release|Any CPU.Build.0 = Release|Any CPU
		{944F517A-4849-456B-B26A-3647A042C397}.Debug|Any CPU.ActiveCfg = Debug|Any CPU
		{944F517A-4849-456B-B26A-3647A042C397}.Debug|Any CPU.Build.0 = Debug|Any CPU
		{944F517A-4849-456B-B26A-3647A042C397}.Release|Any CPU.ActiveCfg = Release|Any CPU
		{944F517A-4849-456B-B26A-3647A042C397}.Release|Any CPU.Build.0 = Release|Any CPU
		{294DD84A-7000-4632-80EF-47A0C113AABC}.Debug|Any CPU.ActiveCfg = Debug|Any CPU
		{294DD84A-7000-4632-80EF-47A0C113AABC}.Debug|Any CPU.Build.0 = Debug|Any CPU
		{294DD84A-7000-4632-80EF-47A0C113AABC}.Release|Any CPU.ActiveCfg = Release|Any CPU
		{294DD84A-7000-4632-80EF-47A0C113AABC}.Release|Any CPU.Build.0 = Release|Any CPU
		{7D24FC18-B0C3-4E00-8119-B9FAE221BCB5}.Debug|Any CPU.ActiveCfg = Debug|Any CPU
		{7D24FC18-B0C3-4E00-8119-B9FAE221BCB5}.Debug|Any CPU.Build.0 = Debug|Any CPU
		{7D24FC18-B0C3-4E00-8119-B9FAE221BCB5}.Release|Any CPU.ActiveCfg = Release|Any CPU
		{7D24FC18-B0C3-4E00-8119-B9FAE221BCB5}.Release|Any CPU.Build.0 = Release|Any CPU
	EndGlobalSection
	GlobalSection(SolutionProperties) = preSolution
		HideSolutionNode = FALSE
	EndGlobalSection
	GlobalSection(ExtensibilityGlobals) = postSolution
		SolutionGuid = {6D3F0842-1E5D-45BF-9212-E0DFCBC985A1}
	EndGlobalSection
EndGlobal
